<Solution>
  <Project Path="GridEdge.Telemetry.Producer/GridEdge.Telemetry.Producer.csproj" />
  <Project Path="GridEdge.Telemetry.Shared/GridEdge.Telemetry.Shared.csproj" />
  <Project Path="GridEdge.Telemetry.Producer.Tests/GridEdge.Telemetry.Producer.Tests.csproj" />
  <Project Path="GridEdge.Telemetry.Consumer/GridEdge.Telemetry.Consumer.csproj" />
</Solution>
